
Microsoft Visual Studio Solution File, Format Version 12.00
# Visual Studio Version 16
VisualStudioVersion = 16.0.29613.14
MinimumVisualStudioVersion = 10.0.40219.1
Project("{FAE04EC0-301F-11D3-BF4B-00C04F79EFBC}") = "EntityFrameworkForm", "EntityFrameworkForm.csproj", "{4F95B686-D1DA-4554-A9A8-C26F94E6ED74}"
EndProject
Global
	GlobalSection(SolutionConfigurationPlatforms) = preSolution
		Debug|Any CPU = Debug|Any CPU
		Release|Any CPU = Release|Any CPU
	EndGlobalSection
	GlobalSection(ProjectConfigurationPlatforms) = postSolution
		{4F95B686-D1DA-4554-A9A8-C26F94E6ED74}.Debug|Any CPU.ActiveCfg = Debug|Any CPU
		{4F95B686-D1DA-4554-A9A8-C26F94E6ED74}.Debug|Any CPU.Build.0 = Debug|Any CPU
		{4F95B686-D1DA-4554-A9A8-C26F94E6ED74}.Release|Any CPU.ActiveCfg = Release|Any CPU
		{4F95B686-D1DA-4554-A9A8-C26F94E6ED74}.Release|Any CPU.Build.0 = Release|Any CPU
	EndGlobalSection
	GlobalSection(SolutionProperties) = preSolution
		HideSolutionNode = FALSE
	EndGlobalSection
	GlobalSection(ExtensibilityGlobals) = postSolution
		SolutionGuid = {3DAFD705-C977-4035-874C-4615637CC78B}
	EndGlobalSection
EndGlobal
