
Microsoft Visual Studio Solution File, Format Version 12.00
# Visual Studio Version 16
VisualStudioVersion = 16.0.29709.97
MinimumVisualStudioVersion = 10.0.40219.1
Project("{FAE04EC0-301F-11D3-BF4B-00C04F79EFBC}") = "Tarea3", "Tarea3.csproj", "{5A854835-44F5-4F1B-B1FA-DC672FD43894}"
EndProject
Global
	GlobalSection(SolutionConfigurationPlatforms) = preSolution
		Debug|Any CPU = Debug|Any CPU
		Release|Any CPU = Release|Any CPU
	EndGlobalSection
	GlobalSection(ProjectConfigurationPlatforms) = postSolution
		{5A854835-44F5-4F1B-B1FA-DC672FD43894}.Debug|Any CPU.ActiveCfg = Debug|Any CPU
		{5A854835-44F5-4F1B-B1FA-DC672FD43894}.Debug|Any CPU.Build.0 = Debug|Any CPU
		{5A854835-44F5-4F1B-B1FA-DC672FD43894}.Release|Any CPU.ActiveCfg = Release|Any CPU
		{5A854835-44F5-4F1B-B1FA-DC672FD43894}.Release|Any CPU.Build.0 = Release|Any CPU
	EndGlobalSection
	GlobalSection(SolutionProperties) = preSolution
		HideSolutionNode = FALSE
	EndGlobalSection
	GlobalSection(ExtensibilityGlobals) = postSolution
		SolutionGuid = {88461570-CF73-4EEA-908E-919D5F5F97A6}
	EndGlobalSection
EndGlobal
