
Microsoft Visual Studio Solution File, Format Version 12.00
# Visual Studio Version 16
VisualStudioVersion = 16.0.29709.97
MinimumVisualStudioVersion = 10.0.40219.1
Project("{FAE04EC0-301F-11D3-BF4B-00C04F79EFBC}") = "lab2", "lab2.csproj", "{D5950A7C-08AE-425C-A7D2-6642861A4813}"
EndProject
Global
	GlobalSection(SolutionConfigurationPlatforms) = preSolution
		Debug|Any CPU = Debug|Any CPU
		Release|Any CPU = Release|Any CPU
	EndGlobalSection
	GlobalSection(ProjectConfigurationPlatforms) = postSolution
		{D5950A7C-08AE-425C-A7D2-6642861A4813}.Debug|Any CPU.ActiveCfg = Debug|Any CPU
		{D5950A7C-08AE-425C-A7D2-6642861A4813}.Debug|Any CPU.Build.0 = Debug|Any CPU
		{D5950A7C-08AE-425C-A7D2-6642861A4813}.Release|Any CPU.ActiveCfg = Release|Any CPU
		{D5950A7C-08AE-425C-A7D2-6642861A4813}.Release|Any CPU.Build.0 = Release|Any CPU
	EndGlobalSection
	GlobalSection(SolutionProperties) = preSolution
		HideSolutionNode = FALSE
	EndGlobalSection
	GlobalSection(ExtensibilityGlobals) = postSolution
		SolutionGuid = {583D1C79-DB45-42DD-918E-F7F2164E3D6D}
	EndGlobalSection
EndGlobal
